<?xml version="1.0" encoding="utf-8"?>
<Project ToolsVersion="4.0" xmlns="http://schemas.microsoft.com/developer/msbuild/2003">
  <ItemGroup>
    <Filter Include="Source Files">
      <UniqueIdentifier>{4FC737F1-C7A5-4376-A066-2A32D752A2FF}</UniqueIdentifier>
      <Extensions>cpp;c;cc;cxx;c++;cppm;ixx;def;odl;idl;hpj;bat;asm;asmx</Extensions>
    </Filter>
    <Filter Include="Header Files">
      <UniqueIdentifier>{93995380-89BD-4b04-88EB-625FBE52EBFB}</UniqueIdentifier>
      <Extensions>h;hh;hpp;hxx;h++;hm;inl;inc;ipp;xsd</Extensions>
    </Filter>
    <Filter Include="Resource Files">
      <UniqueIdentifier>{67DA6AB6-F800-4c08-8B7A-83BB121AAD01}</UniqueIdentifier>
      <Extensions>rc;ico;cur;bmp;dlg;rc2;rct;bin;rgs;gif;jpg;jpeg;jpe;resx;tiff;tif;png;wav;mfcribbon-ms</Extensions>
    </Filter>
  </ItemGroup>
  <ItemGroup>
    <ClCompile Include="source\GameEngine.cpp">
      <Filter>Source Files</Filter>
    </ClCompile>
    <ClCompile Include="source\main.cpp">
      <Filter>Source Files</Filter>
    </ClCompile>
    <ClCompile Include="source\InputManager.cpp">
      <Filter>Source Files</Filter>
    </ClCompile>
    <ClCompile Include="source\AABB.cpp">
      <Filter>Source Files</Filter>
    </ClCompile>
    <ClCompile Include="source\AnimatedImageRenderer.cpp">
      <Filter>Source Files</Filter>
    </ClCompile>
    <ClCompile Include="source\AudioManager.cpp">
      <Filter>Source Files</Filter>
    </ClCompile>
    <ClCompile Include="source\Frog.cpp">
      <Filter>Source Files</Filter>
    </ClCompile>
    <ClCompile Include="source\GameObject.cpp">
      <Filter>Source Files</Filter>
    </ClCompile>
    <ClCompile Include="source\Gameplay.cpp">
      <Filter>Source Files</Filter>
    </ClCompile>
    <ClCompile Include="source\HighScoreManager.cpp">
      <Filter>Source Files</Filter>
    </ClCompile>
    <ClCompile Include="source\ImageRenderer.cpp">
      <Filter>Source Files</Filter>
    </ClCompile>
    <ClCompile Include="source\LevelLoader.cpp">
      <Filter>Source Files</Filter>
    </ClCompile>
    <ClCompile Include="source\MainMenu.cpp">
      <Filter>Source Files</Filter>
    </ClCompile>
    <ClCompile Include="source\Object.cpp">
      <Filter>Source Files</Filter>
    </ClCompile>
    <ClCompile Include="source\Ranking.cpp">
      <Filter>Source Files</Filter>
    </ClCompile>
    <ClCompile Include="source\Renderer.cpp">
      <Filter>Source Files</Filter>
    </ClCompile>
    <ClCompile Include="source\RenderManager.cpp">
      <Filter>Source Files</Filter>
    </ClCompile>
    <ClCompile Include="source\Scene.cpp">
      <Filter>Source Files</Filter>
    </ClCompile>
    <ClCompile Include="source\SceneManager.cpp">
      <Filter>Source Files</Filter>
    </ClCompile>
    <ClCompile Include="source\Spawner.cpp">
      <Filter>Source Files</Filter>
    </ClCompile>
    <ClCompile Include="source\SplashScreen.cpp">
      <Filter>Source Files</Filter>
    </ClCompile>
    <ClCompile Include="source\TextObject.cpp">
      <Filter>Source Files</Filter>
    </ClCompile>
    <ClCompile Include="source\TextRenderer.cpp">
      <Filter>Source Files</Filter>
    </ClCompile>
    <ClCompile Include="source\TimeManager.cpp">
      <Filter>Source Files</Filter>
    </ClCompile>
    <ClCompile Include="source\Transform.cpp">
      <Filter>Source Files</Filter>
    </ClCompile>
    <ClCompile Include="source\Vector2.cpp">
      <Filter>Source Files</Filter>
    </ClCompile>
    <ClCompile Include="source\Tile.cpp">
      <Filter>Source Files</Filter>
    </ClCompile>
    <ClCompile Include="source\Log.cpp">
      <Filter>Source Files</Filter>
    </ClCompile>
    <ClCompile Include="source\Turtles.cpp">
      <Filter>Source Files</Filter>
    </ClCompile>
    <ClCompile Include="source\Car.cpp">
      <Filter>Source Files</Filter>
    </ClCompile>
    <ClCompile Include="source\Crocodile.cpp">
      <Filter>Source Files</Filter>
    </ClCompile>
    <ClCompile Include="source\CrocodileMouth.cpp">
      <Filter>Source Files</Filter>
    </ClCompile>
    <ClCompile Include="source\DivingTurtles.cpp">
      <Filter>Source Files</Filter>
    </ClCompile>
    <ClCompile Include="source\Snake.cpp">
      <Filter>Source Files</Filter>
    </ClCompile>
    <ClCompile Include="source\Food.cpp">
      <Filter>Source Files</Filter>
    </ClCompile>
    <ClCompile Include="source\EndPosition.cpp">
      <Filter>Source Files</Filter>
    </ClCompile>
    <ClCompile Include="source\TimeBar.cpp">
      <Filter>Source Files</Filter>
    </ClCompile>
    <ClCompile Include="source\Score.cpp">
      <Filter>Source Files</Filter>
    </ClCompile>
    <ClCompile Include="source\Lives.cpp">
      <Filter>Source Files</Filter>
    </ClCompile>
    <ClCompile Include="source\ScoreObtained.cpp">
      <Filter>Source Files</Filter>
    </ClCompile>
    <ClCompile Include="source\UIButton.cpp">
      <Filter>Source Files</Filter>
    </ClCompile>
    <ClCompile Include="source\UIPanel.cpp">
      <Filter>Source Files</Filter>
    </ClCompile>
  </ItemGroup>
  <ItemGroup>
    <ClInclude Include="source\GameEngine.h">
      <Filter>Header Files</Filter>
    </ClInclude>
    <ClInclude Include="source\InputManager.h">
      <Filter>Header Files</Filter>
    </ClInclude>
    <ClInclude Include="source\AABB.h">
      <Filter>Header Files</Filter>
    </ClInclude>
    <ClInclude Include="source\AnimatedImageRenderer.h">
      <Filter>Header Files</Filter>
    </ClInclude>
    <ClInclude Include="source\AudioManager.h">
      <Filter>Header Files</Filter>
    </ClInclude>
    <ClInclude Include="source\Button.h">
      <Filter>Header Files</Filter>
    </ClInclude>
    <ClInclude Include="source\Food.h">
      <Filter>Header Files</Filter>
    </ClInclude>
    <ClInclude Include="source\Frog.h">
      <Filter>Header Files</Filter>
    </ClInclude>
    <ClInclude Include="source\GameObject.h">
      <Filter>Header Files</Filter>
    </ClInclude>
    <ClInclude Include="source\Gameplay.h">
      <Filter>Header Files</Filter>
    </ClInclude>
    <ClInclude Include="source\HighScoreManager.h">
      <Filter>Header Files</Filter>
    </ClInclude>
    <ClInclude Include="source\ImageRenderer.h">
      <Filter>Header Files</Filter>
    </ClInclude>
    <ClInclude Include="source\LevelLoader.h">
      <Filter>Header Files</Filter>
    </ClInclude>
    <ClInclude Include="source\MainMenu.h">
      <Filter>Header Files</Filter>
    </ClInclude>
    <ClInclude Include="source\Object.h">
      <Filter>Header Files</Filter>
    </ClInclude>
    <ClInclude Include="source\Ranking.h">
      <Filter>Header Files</Filter>
    </ClInclude>
    <ClInclude Include="source\Renderer.h">
      <Filter>Header Files</Filter>
    </ClInclude>
    <ClInclude Include="source\RenderManager.h">
      <Filter>Header Files</Filter>
    </ClInclude>
    <ClInclude Include="source\Scene.h">
      <Filter>Header Files</Filter>
    </ClInclude>
    <ClInclude Include="source\SceneManager.h">
      <Filter>Header Files</Filter>
    </ClInclude>
    <ClInclude Include="source\Spawner.h">
      <Filter>Header Files</Filter>
    </ClInclude>
    <ClInclude Include="source\SplashScreen.h">
      <Filter>Header Files</Filter>
    </ClInclude>
    <ClInclude Include="source\TextObject.h">
      <Filter>Header Files</Filter>
    </ClInclude>
    <ClInclude Include="source\TextRenderer.h">
      <Filter>Header Files</Filter>
    </ClInclude>
    <ClInclude Include="source\TimeManager.h">
      <Filter>Header Files</Filter>
    </ClInclude>
    <ClInclude Include="source\Transform.h">
      <Filter>Header Files</Filter>
    </ClInclude>
    <ClInclude Include="source\Vector2.h">
      <Filter>Header Files</Filter>
    </ClInclude>
    <ClInclude Include="source\Tile.h">
      <Filter>Header Files</Filter>
    </ClInclude>
    <ClInclude Include="source\Log.h">
      <Filter>Header Files</Filter>
    </ClInclude>
    <ClInclude Include="source\Turtles.h">
      <Filter>Header Files</Filter>
    </ClInclude>
    <ClInclude Include="source\Car.h">
      <Filter>Header Files</Filter>
    </ClInclude>
    <ClInclude Include="source\Crocodile.h">
      <Filter>Header Files</Filter>
    </ClInclude>
    <ClInclude Include="source\CrocodileMouth.h">
      <Filter>Header Files</Filter>
    </ClInclude>
    <ClInclude Include="source\DivingTurtles.h">
      <Filter>Header Files</Filter>
    </ClInclude>
    <ClInclude Include="source\Snake.h">
      <Filter>Header Files</Filter>
    </ClInclude>
    <ClInclude Include="source\EndPosition.h">
      <Filter>Header Files</Filter>
    </ClInclude>
    <ClInclude Include="source\TimeBar.h">
      <Filter>Header Files</Filter>
    </ClInclude>
    <ClInclude Include="source\Score.h">
      <Filter>Header Files</Filter>
    </ClInclude>
    <ClInclude Include="source\Lives.h">
      <Filter>Header Files</Filter>
    </ClInclude>
    <ClInclude Include="source\ScoreObtained.h">
      <Filter>Header Files</Filter>
    </ClInclude>
    <ClInclude Include="source\UIPanel.h">
      <Filter>Header Files</Filter>
    </ClInclude>
    <ClInclude Include="source\UIButton.h">
      <Filter>Header Files</Filter>
    </ClInclude>
  </ItemGroup>
  <ItemGroup>
    <Image Include="resources\Assetsv1.png">
      <Filter>Resource Files</Filter>
    </Image>
    <Image Include="resources\Assetsv2.png">
      <Filter>Resource Files</Filter>
    </Image>
    <Image Include="resources\ButtonPressed.png">
      <Filter>Resource Files</Filter>
    </Image>
    <Image Include="resources\GameOverPanel.png">
      <Filter>Resource Files</Filter>
    </Image>
    <Image Include="resources\Button.png">
      <Filter>Resource Files</Filter>
    </Image>
  </ItemGroup>
  <ItemGroup>
    <Xml Include="resources\sample_level.xml" />
  </ItemGroup>
  <ItemGroup>
    <Font Include="resources\pixelart.ttf" />
  </ItemGroup>
  <ItemGroup>
    <Media Include="resources\Audio\Water.wav">
      <Filter>Resource Files</Filter>
    </Media>
    <Media Include="resources\Audio\ReachEnd.wav">
      <Filter>Resource Files</Filter>
    </Media>
    <Media Include="resources\Audio\LostAllLives.wav">
      <Filter>Resource Files</Filter>
    </Media>
    <Media Include="resources\Audio\Jump.wav">
      <Filter>Resource Files</Filter>
    </Media>
    <Media Include="resources\Audio\GameplayMusic.wav">
      <Filter>Resource Files</Filter>
    </Media>
    <Media Include="resources\Audio\EndLevel.wav">
      <Filter>Resource Files</Filter>
    </Media>
    <Media Include="resources\Audio\Dead.wav">
      <Filter>Resource Files</Filter>
    </Media>
    <Media Include="resources\Audio\MenuMusic.wav">
      <Filter>Resource Files</Filter>
    </Media>
  </ItemGroup>
</Project>